
Microsoft Visual Studio Solution File, Format Version 12.00
# Visual Studio Version 16
VisualStudioVersion = 16.0.31005.135
MinimumVisualStudioVersion = 10.0.40219.1
Project("{FAE04EC0-301F-11D3-BF4B-00C04F79EFBC}") = "WorkoutTelegramBot", "WorkoutTelegramBot\WorkoutTelegramBot.csproj", "{0A757A42-81CA-4B7C-93B6-9537A7CF2813}"
EndProject
Global
	GlobalSection(SolutionConfigurationPlatforms) = preSolution
		Debug|Any CPU = Debug|Any CPU
		Release|Any CPU = Release|Any CPU
	EndGlobalSection
	GlobalSection(ProjectConfigurationPlatforms) = postSolution
		{0A757A42-81CA-4B7C-93B6-9537A7CF2813}.Debug|Any CPU.ActiveCfg = Debug|Any CPU
		{0A757A42-81CA-4B7C-93B6-9537A7CF2813}.Debug|Any CPU.Build.0 = Debug|Any CPU
		{0A757A42-81CA-4B7C-93B6-9537A7CF2813}.Release|Any CPU.ActiveCfg = Release|Any CPU
		{0A757A42-81CA-4B7C-93B6-9537A7CF2813}.Release|Any CPU.Build.0 = Release|Any CPU
	EndGlobalSection
	GlobalSection(SolutionProperties) = preSolution
		HideSolutionNode = FALSE
	EndGlobalSection
	GlobalSection(ExtensibilityGlobals) = postSolution
		SolutionGuid = {81DFDCDE-D713-4F79-9D65-D95790A4B4EB}
	EndGlobalSection
EndGlobal
